
Microsoft Visual Studio Solution File, Format Version 12.00
Project("{2150E333-8FDC-42A3-9474-1A3956D46DE8}") = "BetterReads.Recommendations", "BetterReads.Recommendations", "{0BD3BA13-3566-40B3-86A4-08CF427F2024}"
EndProject
Project("{2150E333-8FDC-42A3-9474-1A3956D46DE8}") = "BetterReads.Books", "BetterReads.Books", "{B05BE457-8F99-40DC-81B1-632C47D683F9}"
EndProject
Project("{2150E333-8FDC-42A3-9474-1A3956D46DE8}") = "BetterReads.Auth", "BetterReads.Auth", "{4E022F59-2B59-474C-AC22-38EC8201DB42}"
EndProject
Project("{2150E333-8FDC-42A3-9474-1A3956D46DE8}") = "BetterReads.Shelves", "BetterReads.Shelves", "{39DAE573-0C67-4C13-968A-32AD9FAF1F7D}"
EndProject
Project("{2150E333-8FDC-42A3-9474-1A3956D46DE8}") = "BetterReads.Reviews", "BetterReads.Reviews", "{4E5FA1AA-F49B-4741-82DC-FAB429D22235}"
EndProject
Project("{FAE04EC0-301F-11D3-BF4B-00C04F79EFBC}") = "BetterReads.Auth.Web", "BetterReads.Auth\BetterReads.Auth.Web\BetterReads.Auth.Web.csproj", "{D3289D38-7119-400A-9820-43107A7A50F4}"
EndProject
Project("{FAE04EC0-301F-11D3-BF4B-00C04F79EFBC}") = "BetterReads.Books.Web", "BetterReads.Books\BetterReads.Books.Web\BetterReads.Books.Web.csproj", "{55A2A6AD-276D-4542-B9B6-B4A74629784D}"
EndProject
Project("{FAE04EC0-301F-11D3-BF4B-00C04F79EFBC}") = "BetterReads.Recommendations.Web", "BetterReads.Recommendations\BetterReads.Recommendations.Web\BetterReads.Recommendations.Web.csproj", "{78C7007D-EFCB-441B-A83B-68A751E279E7}"
EndProject
Project("{FAE04EC0-301F-11D3-BF4B-00C04F79EFBC}") = "BetterReads.Reviews.Web", "BetterReads.Reviews\BetterReads.Reviews.Web\BetterReads.Reviews.Web.csproj", "{67CB6B3A-0F96-4339-B7EE-0FD4F3FDDFB4}"
EndProject
Project("{FAE04EC0-301F-11D3-BF4B-00C04F79EFBC}") = "BetterReads.Shelves.Web", "BetterReads.Shelves\BetterReads.Shelves.Web\BetterReads.Shelves.Web.csproj", "{F973B2AE-6AC1-4D88-B3B4-9DB5CF93D3D8}"
EndProject
Project("{2150E333-8FDC-42A3-9474-1A3956D46DE8}") = "BetterReads.ApiGateway", "BetterReads.ApiGateway", "{C44A87F8-3B79-4385-8037-5A0E19EDC8B3}"
EndProject
Project("{FAE04EC0-301F-11D3-BF4B-00C04F79EFBC}") = "BetterReads.ApiGateway.Web", "BetterReads.ApiGateway\BetterReads.ApiGateway.Web\BetterReads.ApiGateway.Web.csproj", "{18587A20-3C98-4E5B-905B-759661706681}"
EndProject
Project("{2150E333-8FDC-42A3-9474-1A3956D46DE8}") = "BetterReads.Shared", "BetterReads.Shared", "{3EB2DCB6-85DB-4449-B6DB-883FA555FA71}"
EndProject
Project("{FAE04EC0-301F-11D3-BF4B-00C04F79EFBC}") = "BetterReads.Auth.Application", "BetterReads.Auth\BetterReads.Auth.Application\BetterReads.Auth.Application.csproj", "{92DC146E-2515-412E-AD61-526FD388B452}"
EndProject
Project("{FAE04EC0-301F-11D3-BF4B-00C04F79EFBC}") = "BetterReads.Shared.Application", "BetterReads.Shared\BetterReads.Shared.Application\BetterReads.Shared.Application.csproj", "{B1CC6AD2-D81D-44A2-BEDC-924A9C18173F}"
EndProject
Project("{FAE04EC0-301F-11D3-BF4B-00C04F79EFBC}") = "BetterReads.Auth.Infra", "BetterReads.Auth\BetterReads.Auth.Infra\BetterReads.Auth.Infra.csproj", "{E7E385B2-50EC-4A3E-A8F1-C9C67F67491C}"
EndProject
Project("{FAE04EC0-301F-11D3-BF4B-00C04F79EFBC}") = "BetterReads.Shared.Infra", "BetterReads.Shared\BetterReads.Shared.Infra\BetterReads.Shared.Infra.csproj", "{842F545A-90CC-4627-B349-EC76A49F210F}"
EndProject
Project("{FAE04EC0-301F-11D3-BF4B-00C04F79EFBC}") = "BetterReads.Shared.Web", "BetterReads.Shared\BetterReads.Shared.Web\BetterReads.Shared.Web.csproj", "{EF4B94AD-7298-46A9-A012-7FE4AECB8DF2}"
EndProject
Project("{FAE04EC0-301F-11D3-BF4B-00C04F79EFBC}") = "BetterReads.Shelves.Application", "BetterReads.Shelves\BetterReads.Shelves.Application\BetterReads.Shelves.Application.csproj", "{525AC9EC-73DE-4FC7-963B-73DA2D0773ED}"
EndProject
Project("{FAE04EC0-301F-11D3-BF4B-00C04F79EFBC}") = "BetterReads.Shelves.Domain", "BetterReads.Shelves\BetterReads.Shelves.Domain\BetterReads.Shelves.Domain.csproj", "{C698167E-E9E0-4890-83ED-C7C28D4B6981}"
EndProject
Project("{FAE04EC0-301F-11D3-BF4B-00C04F79EFBC}") = "BetterReads.Shelves.Infra", "BetterReads.Shelves\BetterReads.Shelves.Infra\BetterReads.Shelves.Infra.csproj", "{777B5854-C584-4AAE-82C0-914422BF3231}"
EndProject
Project("{FAE04EC0-301F-11D3-BF4B-00C04F79EFBC}") = "BetterReads.Shared.Domain", "BetterReads.Shared\BetterReads.Shared.Domain\BetterReads.Shared.Domain.csproj", "{ED416BD6-9574-4149-848D-911D7F328A94}"
EndProject
Global
	GlobalSection(SolutionConfigurationPlatforms) = preSolution
		Debug|Any CPU = Debug|Any CPU
		Release|Any CPU = Release|Any CPU
	EndGlobalSection
	GlobalSection(NestedProjects) = preSolution
		{D3289D38-7119-400A-9820-43107A7A50F4} = {4E022F59-2B59-474C-AC22-38EC8201DB42}
		{55A2A6AD-276D-4542-B9B6-B4A74629784D} = {B05BE457-8F99-40DC-81B1-632C47D683F9}
		{78C7007D-EFCB-441B-A83B-68A751E279E7} = {0BD3BA13-3566-40B3-86A4-08CF427F2024}
		{67CB6B3A-0F96-4339-B7EE-0FD4F3FDDFB4} = {4E5FA1AA-F49B-4741-82DC-FAB429D22235}
		{F973B2AE-6AC1-4D88-B3B4-9DB5CF93D3D8} = {39DAE573-0C67-4C13-968A-32AD9FAF1F7D}
		{18587A20-3C98-4E5B-905B-759661706681} = {C44A87F8-3B79-4385-8037-5A0E19EDC8B3}
		{92DC146E-2515-412E-AD61-526FD388B452} = {4E022F59-2B59-474C-AC22-38EC8201DB42}
		{B1CC6AD2-D81D-44A2-BEDC-924A9C18173F} = {3EB2DCB6-85DB-4449-B6DB-883FA555FA71}
		{E7E385B2-50EC-4A3E-A8F1-C9C67F67491C} = {4E022F59-2B59-474C-AC22-38EC8201DB42}
		{842F545A-90CC-4627-B349-EC76A49F210F} = {3EB2DCB6-85DB-4449-B6DB-883FA555FA71}
		{EF4B94AD-7298-46A9-A012-7FE4AECB8DF2} = {3EB2DCB6-85DB-4449-B6DB-883FA555FA71}
		{525AC9EC-73DE-4FC7-963B-73DA2D0773ED} = {39DAE573-0C67-4C13-968A-32AD9FAF1F7D}
		{C698167E-E9E0-4890-83ED-C7C28D4B6981} = {39DAE573-0C67-4C13-968A-32AD9FAF1F7D}
		{777B5854-C584-4AAE-82C0-914422BF3231} = {39DAE573-0C67-4C13-968A-32AD9FAF1F7D}
		{ED416BD6-9574-4149-848D-911D7F328A94} = {3EB2DCB6-85DB-4449-B6DB-883FA555FA71}
	EndGlobalSection
	GlobalSection(ProjectConfigurationPlatforms) = postSolution
		{D3289D38-7119-400A-9820-43107A7A50F4}.Debug|Any CPU.ActiveCfg = Debug|Any CPU
		{D3289D38-7119-400A-9820-43107A7A50F4}.Debug|Any CPU.Build.0 = Debug|Any CPU
		{D3289D38-7119-400A-9820-43107A7A50F4}.Release|Any CPU.ActiveCfg = Release|Any CPU
		{D3289D38-7119-400A-9820-43107A7A50F4}.Release|Any CPU.Build.0 = Release|Any CPU
		{55A2A6AD-276D-4542-B9B6-B4A74629784D}.Debug|Any CPU.ActiveCfg = Debug|Any CPU
		{55A2A6AD-276D-4542-B9B6-B4A74629784D}.Debug|Any CPU.Build.0 = Debug|Any CPU
		{55A2A6AD-276D-4542-B9B6-B4A74629784D}.Release|Any CPU.ActiveCfg = Release|Any CPU
		{55A2A6AD-276D-4542-B9B6-B4A74629784D}.Release|Any CPU.Build.0 = Release|Any CPU
		{78C7007D-EFCB-441B-A83B-68A751E279E7}.Debug|Any CPU.ActiveCfg = Debug|Any CPU
		{78C7007D-EFCB-441B-A83B-68A751E279E7}.Debug|Any CPU.Build.0 = Debug|Any CPU
		{78C7007D-EFCB-441B-A83B-68A751E279E7}.Release|Any CPU.ActiveCfg = Release|Any CPU
		{78C7007D-EFCB-441B-A83B-68A751E279E7}.Release|Any CPU.Build.0 = Release|Any CPU
		{67CB6B3A-0F96-4339-B7EE-0FD4F3FDDFB4}.Debug|Any CPU.ActiveCfg = Debug|Any CPU
		{67CB6B3A-0F96-4339-B7EE-0FD4F3FDDFB4}.Debug|Any CPU.Build.0 = Debug|Any CPU
		{67CB6B3A-0F96-4339-B7EE-0FD4F3FDDFB4}.Release|Any CPU.ActiveCfg = Release|Any CPU
		{67CB6B3A-0F96-4339-B7EE-0FD4F3FDDFB4}.Release|Any CPU.Build.0 = Release|Any CPU
		{F973B2AE-6AC1-4D88-B3B4-9DB5CF93D3D8}.Debug|Any CPU.ActiveCfg = Debug|Any CPU
		{F973B2AE-6AC1-4D88-B3B4-9DB5CF93D3D8}.Debug|Any CPU.Build.0 = Debug|Any CPU
		{F973B2AE-6AC1-4D88-B3B4-9DB5CF93D3D8}.Release|Any CPU.ActiveCfg = Release|Any CPU
		{F973B2AE-6AC1-4D88-B3B4-9DB5CF93D3D8}.Release|Any CPU.Build.0 = Release|Any CPU
		{18587A20-3C98-4E5B-905B-759661706681}.Debug|Any CPU.ActiveCfg = Debug|Any CPU
		{18587A20-3C98-4E5B-905B-759661706681}.Debug|Any CPU.Build.0 = Debug|Any CPU
		{18587A20-3C98-4E5B-905B-759661706681}.Release|Any CPU.ActiveCfg = Release|Any CPU
		{18587A20-3C98-4E5B-905B-759661706681}.Release|Any CPU.Build.0 = Release|Any CPU
		{92DC146E-2515-412E-AD61-526FD388B452}.Debug|Any CPU.ActiveCfg = Debug|Any CPU
		{92DC146E-2515-412E-AD61-526FD388B452}.Debug|Any CPU.Build.0 = Debug|Any CPU
		{92DC146E-2515-412E-AD61-526FD388B452}.Release|Any CPU.ActiveCfg = Release|Any CPU
		{92DC146E-2515-412E-AD61-526FD388B452}.Release|Any CPU.Build.0 = Release|Any CPU
		{B1CC6AD2-D81D-44A2-BEDC-924A9C18173F}.Debug|Any CPU.ActiveCfg = Debug|Any CPU
		{B1CC6AD2-D81D-44A2-BEDC-924A9C18173F}.Debug|Any CPU.Build.0 = Debug|Any CPU
		{B1CC6AD2-D81D-44A2-BEDC-924A9C18173F}.Release|Any CPU.ActiveCfg = Release|Any CPU
		{B1CC6AD2-D81D-44A2-BEDC-924A9C18173F}.Release|Any CPU.Build.0 = Release|Any CPU
		{E7E385B2-50EC-4A3E-A8F1-C9C67F67491C}.Debug|Any CPU.ActiveCfg = Debug|Any CPU
		{E7E385B2-50EC-4A3E-A8F1-C9C67F67491C}.Debug|Any CPU.Build.0 = Debug|Any CPU
		{E7E385B2-50EC-4A3E-A8F1-C9C67F67491C}.Release|Any CPU.ActiveCfg = Release|Any CPU
		{E7E385B2-50EC-4A3E-A8F1-C9C67F67491C}.Release|Any CPU.Build.0 = Release|Any CPU
		{842F545A-90CC-4627-B349-EC76A49F210F}.Debug|Any CPU.ActiveCfg = Debug|Any CPU
		{842F545A-90CC-4627-B349-EC76A49F210F}.Debug|Any CPU.Build.0 = Debug|Any CPU
		{842F545A-90CC-4627-B349-EC76A49F210F}.Release|Any CPU.ActiveCfg = Release|Any CPU
		{842F545A-90CC-4627-B349-EC76A49F210F}.Release|Any CPU.Build.0 = Release|Any CPU
		{EF4B94AD-7298-46A9-A012-7FE4AECB8DF2}.Debug|Any CPU.ActiveCfg = Debug|Any CPU
		{EF4B94AD-7298-46A9-A012-7FE4AECB8DF2}.Debug|Any CPU.Build.0 = Debug|Any CPU
		{EF4B94AD-7298-46A9-A012-7FE4AECB8DF2}.Release|Any CPU.ActiveCfg = Release|Any CPU
		{EF4B94AD-7298-46A9-A012-7FE4AECB8DF2}.Release|Any CPU.Build.0 = Release|Any CPU
		{525AC9EC-73DE-4FC7-963B-73DA2D0773ED}.Debug|Any CPU.ActiveCfg = Debug|Any CPU
		{525AC9EC-73DE-4FC7-963B-73DA2D0773ED}.Debug|Any CPU.Build.0 = Debug|Any CPU
		{525AC9EC-73DE-4FC7-963B-73DA2D0773ED}.Release|Any CPU.ActiveCfg = Release|Any CPU
		{525AC9EC-73DE-4FC7-963B-73DA2D0773ED}.Release|Any CPU.Build.0 = Release|Any CPU
		{C698167E-E9E0-4890-83ED-C7C28D4B6981}.Debug|Any CPU.ActiveCfg = Debug|Any CPU
		{C698167E-E9E0-4890-83ED-C7C28D4B6981}.Debug|Any CPU.Build.0 = Debug|Any CPU
		{C698167E-E9E0-4890-83ED-C7C28D4B6981}.Release|Any CPU.ActiveCfg = Release|Any CPU
		{C698167E-E9E0-4890-83ED-C7C28D4B6981}.Release|Any CPU.Build.0 = Release|Any CPU
		{777B5854-C584-4AAE-82C0-914422BF3231}.Debug|Any CPU.ActiveCfg = Debug|Any CPU
		{777B5854-C584-4AAE-82C0-914422BF3231}.Debug|Any CPU.Build.0 = Debug|Any CPU
		{777B5854-C584-4AAE-82C0-914422BF3231}.Release|Any CPU.ActiveCfg = Release|Any CPU
		{777B5854-C584-4AAE-82C0-914422BF3231}.Release|Any CPU.Build.0 = Release|Any CPU
		{ED416BD6-9574-4149-848D-911D7F328A94}.Debug|Any CPU.ActiveCfg = Debug|Any CPU
		{ED416BD6-9574-4149-848D-911D7F328A94}.Debug|Any CPU.Build.0 = Debug|Any CPU
		{ED416BD6-9574-4149-848D-911D7F328A94}.Release|Any CPU.ActiveCfg = Release|Any CPU
		{ED416BD6-9574-4149-848D-911D7F328A94}.Release|Any CPU.Build.0 = Release|Any CPU
	EndGlobalSection
EndGlobal
